<Solution>

	<Configurations>
		<Platform Name="Any CPU" />
		<Platform Name="x64" />
		<Platform Name="x86" />
	</Configurations>

	<Folder Name="/Solution Items/">
		<File Path="CodeAnalysis.ruleset" />
		<File Path="stylecop.json" />
	</Folder>

	<Project Path="Database.ToolKit/DatabaseLibraryNet/DigitalZenWorks.Database.ToolKit.csproj" />
	<Project Path="Database.ToolKit/DatabaseLibraryNetTests/DigitalZenWorks.Database.ToolKit.Tests.csproj" />
	<Project Path="HttpTool/SourceCode/HttpTool/HttpTool.csproj" />
	<Project Path="HttpTool/SourceCode/WebTools.Test/WebTools.Test.csproj" />
	<Project Path="HttpTool/SourceCode/WebTools/WebTools.csproj" />
	<Project DefaultStartup="true" Path="DigitalZenWorks.JobsDb.Application/DigitalZenWorks.JobsDb.Application.csproj" />
	<Project Path="JobsDbConsole/JobsDbConsole.csproj" />
	<Project Path="DigitalZenWorks.JobsDb.Library/DigitalZenWorks.JobsDb.Library.csproj" />
	<Project Path="JobsDbTests/JobsDbTests.csproj" />
	<Project Path="UtilitiesNet/UtilitiesNetLibrary/DigitalZenWorks.Common.Utilities.csproj" />
	<Project Path="UtilitiesNet/UtilitiesNetTests/DigitalZenWorks.Common.Utilities.Tests.csproj" />

</Solution>
